
Microsoft Visual Studio Solution File, Format Version 12.00
# Visual Studio Version 17
VisualStudioVersion = 17.10.35122.118
MinimumVisualStudioVersion = 10.0.40219.1
Project("{FAE04EC0-301F-11D3-BF4B-00C04F79EFBC}") = "inventoryNew", "inventoryNew\inventoryNew.csproj", "{F9732C01-1FB7-4813-B8C0-7E4C02309E31}"
EndProject
Global
	GlobalSection(SolutionConfigurationPlatforms) = preSolution
		Debug|Any CPU = Debug|Any CPU
		Release|Any CPU = Release|Any CPU
	EndGlobalSection
	GlobalSection(ProjectConfigurationPlatforms) = postSolution
		{F9732C01-1FB7-4813-B8C0-7E4C02309E31}.Debug|Any CPU.ActiveCfg = Debug|Any CPU
		{F9732C01-1FB7-4813-B8C0-7E4C02309E31}.Debug|Any CPU.Build.0 = Debug|Any CPU
		{F9732C01-1FB7-4813-B8C0-7E4C02309E31}.Release|Any CPU.ActiveCfg = Release|Any CPU
		{F9732C01-1FB7-4813-B8C0-7E4C02309E31}.Release|Any CPU.Build.0 = Release|Any CPU
	EndGlobalSection
	GlobalSection(SolutionProperties) = preSolution
		HideSolutionNode = FALSE
	EndGlobalSection
	GlobalSection(ExtensibilityGlobals) = postSolution
		SolutionGuid = {37729F8C-EF2D-46F4-A7F3-918F6F007D02}
	EndGlobalSection
EndGlobal
